
Microsoft Visual Studio Solution File, Format Version 12.00
# Visual Studio 14
VisualStudioVersion = 14.0.24720.0
MinimumVisualStudioVersion = 10.0.40219.1
Project("{FAE04EC0-301F-11D3-BF4B-00C04F79EFBC}") = "Projekt_TPAL", "Projekt_TPAL\Projekt_TPAL.csproj", "{0E6D30A5-7FF4-4106-8577-B0A2AE1CFA11}"
EndProject
Project("{FAE04EC0-301F-11D3-BF4B-00C04F79EFBC}") = "PluginInterface", "PluginInterface\PluginInterface.csproj", "{9B443349-527B-4894-90EA-A026EAA99AA8}"
EndProject
Project("{FAE04EC0-301F-11D3-BF4B-00C04F79EFBC}") = "Plugin.CircleTool", "Plugin.CircleTool\Plugin.CircleTool.csproj", "{95414DD2-5E62-465F-853E-533451025848}"
EndProject
Global
	GlobalSection(SolutionConfigurationPlatforms) = preSolution
		Debug|Any CPU = Debug|Any CPU
		Release|Any CPU = Release|Any CPU
	EndGlobalSection
	GlobalSection(ProjectConfigurationPlatforms) = postSolution
		{0E6D30A5-7FF4-4106-8577-B0A2AE1CFA11}.Debug|Any CPU.ActiveCfg = Debug|Any CPU
		{0E6D30A5-7FF4-4106-8577-B0A2AE1CFA11}.Debug|Any CPU.Build.0 = Debug|Any CPU
		{0E6D30A5-7FF4-4106-8577-B0A2AE1CFA11}.Release|Any CPU.ActiveCfg = Release|Any CPU
		{0E6D30A5-7FF4-4106-8577-B0A2AE1CFA11}.Release|Any CPU.Build.0 = Release|Any CPU
		{9B443349-527B-4894-90EA-A026EAA99AA8}.Debug|Any CPU.ActiveCfg = Debug|Any CPU
		{9B443349-527B-4894-90EA-A026EAA99AA8}.Debug|Any CPU.Build.0 = Debug|Any CPU
		{9B443349-527B-4894-90EA-A026EAA99AA8}.Release|Any CPU.ActiveCfg = Release|Any CPU
		{9B443349-527B-4894-90EA-A026EAA99AA8}.Release|Any CPU.Build.0 = Release|Any CPU
		{95414DD2-5E62-465F-853E-533451025848}.Debug|Any CPU.ActiveCfg = Debug|Any CPU
		{95414DD2-5E62-465F-853E-533451025848}.Debug|Any CPU.Build.0 = Debug|Any CPU
		{95414DD2-5E62-465F-853E-533451025848}.Release|Any CPU.ActiveCfg = Release|Any CPU
		{95414DD2-5E62-465F-853E-533451025848}.Release|Any CPU.Build.0 = Release|Any CPU
	EndGlobalSection
	GlobalSection(SolutionProperties) = preSolution
		HideSolutionNode = FALSE
	EndGlobalSection
EndGlobal
